// !$*UTF8*$!
{
	archiveVersion = 1;
	classes = {
	};
	objectVersion = 56;
	objects = {

/* Begin PBXBuildFile section */
		86F1DF7D2A71FEC800ECEFB6 /* XclickApp.swift in Sources */ = {isa = PBXBuildFile; fileRef = 86F1DF7C2A71FEC800ECEFB6 /* XclickApp.swift */; };
		86F1DF7F2A71FEC800ECEFB6 /* ContentView.swift in Sources */ = {isa = PBXBuildFile; fileRef = 86F1DF7E2A71FEC800ECEFB6 /* ContentView.swift */; };
		86F1DF812A71FEC900ECEFB6 /* Assets.xcassets in Resources */ = {isa = PBXBuildFile; fileRef = 86F1DF802A71FEC900ECEFB6 /* Assets.xcassets */; };
		86F1DF842A71FEC900ECEFB6 /* Preview Assets.xcassets in Resources */ = {isa = PBXBuildFile; fileRef = 86F1DF832A71FEC900ECEFB6 /* Preview Assets.xcassets */; };
		86F1DF932A727EF900ECEFB6 /* HotKey in Frameworks */ = {isa = PBXBuildFile; productRef = 86F1DF922A727EF900ECEFB6 /* HotKey */; };
		86F1DF962A72A9D000ECEFB6 /* Localizable.strings in Resources */ = {isa = PBXBuildFile; fileRef = 86F1DF982A72A9D000ECEFB6 /* Localizable.strings */; };
/* End PBXBuildFile section */

/* Begin PBXFileReference section */
		86F1DF792A71FEC800ECEFB6 /* Xclick.app */ = {isa = PBXFileReference; explicitFileType = wrapper.application; includeInIndex = 0; path = Xclick.app; sourceTree = BUILT_PRODUCTS_DIR; };
		86F1DF7C2A71FEC800ECEFB6 /* XclickApp.swift */ = {isa = PBXFileReference; lastKnownFileType = sourcecode.swift; path = XclickApp.swift; sourceTree = "<group>"; };
		86F1DF7E2A71FEC800ECEFB6 /* ContentView.swift */ = {isa = PBXFileReference; lastKnownFileType = sourcecode.swift; path = ContentView.swift; sourceTree = "<group>"; };
		86F1DF802A71FEC900ECEFB6 /* Assets.xcassets */ = {isa = PBXFileReference; lastKnownFileType = folder.assetcatalog; path = Assets.xcassets; sourceTree = "<group>"; };
		86F1DF832A71FEC900ECEFB6 /* Preview Assets.xcassets */ = {isa = PBXFileReference; lastKnownFileType = folder.assetcatalog; path = "Preview Assets.xcassets"; sourceTree = "<group>"; };
		86F1DF852A71FEC900ECEFB6 /* Xclick.entitlements */ = {isa = PBXFileReference; lastKnownFileType = text.plist.entitlements; path = Xclick.entitlements; sourceTree = "<group>"; };
		86F1DF972A72A9D000ECEFB6 /* en */ = {isa = PBXFileReference; lastKnownFileType = text.plist.strings; name = en; path = en.lproj/Localizable.strings; sourceTree = "<group>"; };
		86F1DF992A72A9D500ECEFB6 /* zh-Hans */ = {isa = PBXFileReference; lastKnownFileType = text.plist.strings; name = "zh-Hans"; path = "zh-Hans.lproj/Localizable.strings"; sourceTree = "<group>"; };
/* End PBXFileReference section */

/* Begin PBXFrameworksBuildPhase section */
		86F1DF762A71FEC800ECEFB6 /* Frameworks */ = {
			isa = PBXFrameworksBuildPhase;
			buildActionMask = 2147483647;
			files = (
				86F1DF932A727EF900ECEFB6 /* HotKey in Frameworks */,
			);
			runOnlyForDeploymentPostprocessing = 0;
		};
/* End PBXFrameworksBuildPhase section */

/* Begin PBXGroup section */
		86F1DF702A71FEC800ECEFB6 = {
			isa = PBXGroup;
			children = (
				86F1DF7B2A71FEC800ECEFB6 /* Xclick */,
				86F1DF7A2A71FEC800ECEFB6 /* Products */,
			);
			sourceTree = "<group>";
		};
		86F1DF7A2A71FEC800ECEFB6 /* Products */ = {
			isa = PBXGroup;
			children = (
				86F1DF792A71FEC800ECEFB6 /* Xclick.app */,
			);
			name = Products;
			sourceTree = "<group>";
		};
		86F1DF7B2A71FEC800ECEFB6 /* Xclick */ = {
			isa = PBXGroup;
			children = (
				86F1DF7E2A71FEC800ECEFB6 /* ContentView.swift */,
				86F1DF7C2A71FEC800ECEFB6 /* XclickApp.swift */,
				86F1DF802A71FEC900ECEFB6 /* Assets.xcassets */,
				86F1DF852A71FEC900ECEFB6 /* Xclick.entitlements */,
				86F1DF822A71FEC900ECEFB6 /* Preview Content */,
				86F1DF982A72A9D000ECEFB6 /* Localizable.strings */,
			);
			path = Xclick;
			sourceTree = "<group>";
		};
		86F1DF822A71FEC900ECEFB6 /* Preview Content */ = {
			isa = PBXGroup;
			children = (
				86F1DF832A71FEC900ECEFB6 /* Preview Assets.xcassets */,
			);
			path = "Preview Content";
			sourceTree = "<group>";
		};
/* End PBXGroup section */

/* Begin PBXNativeTarget section */
		86F1DF782A71FEC800ECEFB6 /* Xclick */ = {
			isa = PBXNativeTarget;
			buildConfigurationList = 86F1DF882A71FEC900ECEFB6 /* Build configuration list for PBXNativeTarget "Xclick" */;
			buildPhases = (
				86F1DF752A71FEC800ECEFB6 /* Sources */,
				86F1DF762A71FEC800ECEFB6 /* Frameworks */,
				86F1DF772A71FEC800ECEFB6 /* Resources */,
			);
			buildRules = (
			);
			dependencies = (
			);
			name = Xclick;
			packageProductDependencies = (
				86F1DF922A727EF900ECEFB6 /* HotKey */,
			);
			productName = Xclick;
			productReference = 86F1DF792A71FEC800ECEFB6 /* Xclick.app */;
			productType = "com.apple.product-type.application";
		};
/* End PBXNativeTarget section */

/* Begin PBXProject section */
		86F1DF712A71FEC800ECEFB6 /* Project object */ = {
			isa = PBXProject;
			attributes = {
				BuildIndependentTargetsInParallel = 1;
				LastSwiftUpdateCheck = 1430;
				LastUpgradeCheck = 1430;
				TargetAttributes = {
					86F1DF782A71FEC800ECEFB6 = {
						CreatedOnToolsVersion = 14.3.1;
					};
				};
			};
			buildConfigurationList = 86F1DF742A71FEC800ECEFB6 /* Build configuration list for PBXProject "Xclick" */;
			compatibilityVersion = "Xcode 14.0";
			developmentRegion = en;
			hasScannedForEncodings = 0;
			knownRegions = (
				en,
				Base,
				"zh-Hans",
			);
			mainGroup = 86F1DF702A71FEC800ECEFB6;
			packageReferences = (
				86F1DF912A727EF900ECEFB6 /* XCRemoteSwiftPackageReference "HotKey" */,
			);
			productRefGroup = 86F1DF7A2A71FEC800ECEFB6 /* Products */;
			projectDirPath = "";
			projectRoot = "";
			targets = (
				86F1DF782A71FEC800ECEFB6 /* Xclick */,
			);
		};
/* End PBXProject section */

/* Begin PBXResourcesBuildPhase section */
		86F1DF772A71FEC800ECEFB6 /* Resources */ = {
			isa = PBXResourcesBuildPhase;
			buildActionMask = 2147483647;
			files = (
				86F1DF842A71FEC900ECEFB6 /* Preview Assets.xcassets in Resources */,
				86F1DF962A72A9D000ECEFB6 /* Localizable.strings in Resources */,
				86F1DF812A71FEC900ECEFB6 /* Assets.xcassets in Resources */,
			);
			runOnlyForDeploymentPostprocessing = 0;
		};
/* End PBXResourcesBuildPhase section */

/* Begin PBXSourcesBuildPhase section */
		86F1DF752A71FEC800ECEFB6 /* Sources */ = {
			isa = PBXSourcesBuildPhase;
			buildActionMask = 2147483647;
			files = (
				86F1DF7F2A71FEC800ECEFB6 /* ContentView.swift in Sources */,
				86F1DF7D2A71FEC800ECEFB6 /* XclickApp.swift in Sources */,
			);
			runOnlyForDeploymentPostprocessing = 0;
		};
/* End PBXSourcesBuildPhase section */

/* Begin PBXVariantGroup section */
		86F1DF982A72A9D000ECEFB6 /* Localizable.strings */ = {
			isa = PBXVariantGroup;
			children = (
				86F1DF972A72A9D000ECEFB6 /* en */,
				86F1DF992A72A9D500ECEFB6 /* zh-Hans */,
			);
			name = Localizable.strings;
			sourceTree = "<group>";
		};
/* End PBXVariantGroup section */

/* Begin XCBuildConfiguration section */
		86F1DF862A71FEC900ECEFB6 /* Debug */ = {
			isa = XCBuildConfiguration;
			buildSettings = {
				ALWAYS_SEARCH_USER_PATHS = NO;
				CLANG_ANALYZER_NONNULL = YES;
				CLANG_ANALYZER_NUMBER_OBJECT_CONVERSION = YES_AGGRESSIVE;
				CLANG_CXX_LANGUAGE_STANDARD = "gnu++20";
				CLANG_ENABLE_MODULES = YES;
				CLANG_ENABLE_OBJC_ARC = YES;
				CLANG_ENABLE_OBJC_WEAK = YES;
				CLANG_WARN_BLOCK_CAPTURE_AUTORELEASING = YES;
				CLANG_WARN_BOOL_CONVERSION = YES;
				CLANG_WARN_COMMA = YES;
				CLANG_WARN_CONSTANT_CONVERSION = YES;
				CLANG_WARN_DEPRECATED_OBJC_IMPLEMENTATIONS = YES;
				CLANG_WARN_DIRECT_OBJC_ISA_USAGE = YES_ERROR;
				CLANG_WARN_DOCUMENTATION_COMMENTS = YES;
				CLANG_WARN_EMPTY_BODY = YES;
				CLANG_WARN_ENUM_CONVERSION = YES;
				CLANG_WARN_INFINITE_RECURSION = YES;
				CLANG_WARN_INT_CONVERSION = YES;
				CLANG_WARN_NON_LITERAL_NULL_CONVERSION = YES;
				CLANG_WARN_OBJC_IMPLICIT_RETAIN_SELF = YES;
				CLANG_WARN_OBJC_LITERAL_CONVERSION = YES;
				CLANG_WARN_OBJC_ROOT_CLASS = YES_ERROR;
				CLANG_WARN_QUOTED_INCLUDE_IN_FRAMEWORK_HEADER = YES;
				CLANG_WARN_RANGE_LOOP_ANALYSIS = YES;
				CLANG_WARN_STRICT_PROTOTYPES = YES;
				CLANG_WARN_SUSPICIOUS_MOVE = YES;
				CLANG_WARN_UNGUARDED_AVAILABILITY = YES_AGGRESSIVE;
				CLANG_WARN_UNREACHABLE_CODE = YES;
				CLANG_WARN__DUPLICATE_METHOD_MATCH = YES;
				COPY_PHASE_STRIP = NO;
				DEBUG_INFORMATION_FORMAT = dwarf;
				ENABLE_STRICT_OBJC_MSGSEND = YES;
				ENABLE_TESTABILITY = YES;
				GCC_C_LANGUAGE_STANDARD = gnu11;
				GCC_DYNAMIC_NO_PIC = NO;
				GCC_NO_COMMON_BLOCKS = YES;
				GCC_OPTIMIZATION_LEVEL = 0;
				GCC_PREPROCESSOR_DEFINITIONS = (
					"DEBUG=1",
					"$(inherited)",
				);
				GCC_WARN_64_TO_32_BIT_CONVERSION = YES;
				GCC_WARN_ABOUT_RETURN_TYPE = YES_ERROR;
				GCC_WARN_UNDECLARED_SELECTOR = YES;
				GCC_WARN_UNINITIALIZED_AUTOS = YES_AGGRESSIVE;
				GCC_WARN_UNUSED_FUNCTION = YES;
				GCC_WARN_UNUSED_VARIABLE = YES;
				MACOSX_DEPLOYMENT_TARGET = 13.3;
				MTL_ENABLE_DEBUG_INFO = INCLUDE_SOURCE;
				MTL_FAST_MATH = YES;
				ONLY_ACTIVE_ARCH = YES;
				SDKROOT = macosx;
				SWIFT_ACTIVE_COMPILATION_CONDITIONS = DEBUG;
				SWIFT_OPTIMIZATION_LEVEL = "-Onone";
			};
			name = Debug;
		};
		86F1DF872A71FEC900ECEFB6 /* Release */ = {
			isa = XCBuildConfiguration;
			buildSettings = {
				ALWAYS_SEARCH_USER_PATHS = NO;
				CLANG_ANALYZER_NONNULL = YES;
				CLANG_ANALYZER_NUMBER_OBJECT_CONVERSION = YES_AGGRESSIVE;
				CLANG_CXX_LANGUAGE_STANDARD = "gnu++20";
				CLANG_ENABLE_MODULES = YES;
				CLANG_ENABLE_OBJC_ARC = YES;
				CLANG_ENABLE_OBJC_WEAK = YES;
				CLANG_WARN_BLOCK_CAPTURE_AUTORELEASING = YES;
				CLANG_WARN_BOOL_CONVERSION = YES;
				CLANG_WARN_COMMA = YES;
				CLANG_WARN_CONSTANT_CONVERSION = YES;
				CLANG_WARN_DEPRECATED_OBJC_IMPLEMENTATIONS = YES;
				CLANG_WARN_DIRECT_OBJC_ISA_USAGE = YES_ERROR;
				CLANG_WARN_DOCUMENTATION_COMMENTS = YES;
				CLANG_WARN_EMPTY_BODY = YES;
				CLANG_WARN_ENUM_CONVERSION = YES;
				CLANG_WARN_INFINITE_RECURSION = YES;
				CLANG_WARN_INT_CONVERSION = YES;
				CLANG_WARN_NON_LITERAL_NULL_CONVERSION = YES;
				CLANG_WARN_OBJC_IMPLICIT_RETAIN_SELF = YES;
				CLANG_WARN_OBJC_LITERAL_CONVERSION = YES;
				CLANG_WARN_OBJC_ROOT_CLASS = YES_ERROR;
				CLANG_WARN_QUOTED_INCLUDE_IN_FRAMEWORK_HEADER = YES;
				CLANG_WARN_RANGE_LOOP_ANALYSIS = YES;
				CLANG_WARN_STRICT_PROTOTYPES = YES;
				CLANG_WARN_SUSPICIOUS_MOVE = YES;
				CLANG_WARN_UNGUARDED_AVAILABILITY = YES_AGGRESSIVE;
				CLANG_WARN_UNREACHABLE_CODE = YES;
				CLANG_WARN__DUPLICATE_METHOD_MATCH = YES;
				COPY_PHASE_STRIP = NO;
				DEBUG_INFORMATION_FORMAT = "dwarf-with-dsym";
				ENABLE_NS_ASSERTIONS = NO;
				ENABLE_STRICT_OBJC_MSGSEND = YES;
				GCC_C_LANGUAGE_STANDARD = gnu11;
				GCC_NO_COMMON_BLOCKS = YES;
				GCC_WARN_64_TO_32_BIT_CONVERSION = YES;
				GCC_WARN_ABOUT_RETURN_TYPE = YES_ERROR;
				GCC_WARN_UNDECLARED_SELECTOR = YES;
				GCC_WARN_UNINITIALIZED_AUTOS = YES_AGGRESSIVE;
				GCC_WARN_UNUSED_FUNCTION = YES;
				GCC_WARN_UNUSED_VARIABLE = YES;
				MACOSX_DEPLOYMENT_TARGET = 13.3;
				MTL_ENABLE_DEBUG_INFO = NO;
				MTL_FAST_MATH = YES;
				SDKROOT = macosx;
				SWIFT_COMPILATION_MODE = wholemodule;
				SWIFT_OPTIMIZATION_LEVEL = "-O";
			};
			name = Release;
		};
		86F1DF892A71FEC900ECEFB6 /* Debug */ = {
			isa = XCBuildConfiguration;
			buildSettings = {
				ASSETCATALOG_COMPILER_APPICON_NAME = AppIcon;
				ASSETCATALOG_COMPILER_GLOBAL_ACCENT_COLOR_NAME = AccentColor;
				CODE_SIGN_ENTITLEMENTS = Xclick/Xclick.entitlements;
				CODE_SIGN_STYLE = Automatic;
				COMBINE_HIDPI_IMAGES = YES;
				CURRENT_PROJECT_VERSION = 1;
				DEVELOPMENT_ASSET_PATHS = "\"Xclick/Preview Content\"";
				ENABLE_PREVIEWS = YES;
				GENERATE_INFOPLIST_FILE = YES;
				INFOPLIST_KEY_LSApplicationCategoryType = "public.app-category.utilities";
				INFOPLIST_KEY_NSHumanReadableCopyright = "";
				LD_RUNPATH_SEARCH_PATHS = (
					"$(inherited)",
					"@executable_path/../Frameworks",
				);
				MACOSX_DEPLOYMENT_TARGET = 13.0;
				MARKETING_VERSION = 1.0;
				PRODUCT_BUNDLE_IDENTIFIER = com.moluuser.Xclick;
				PRODUCT_NAME = "$(TARGET_NAME)";
				SWIFT_EMIT_LOC_STRINGS = YES;
				SWIFT_VERSION = 5.0;
			};
			name = Debug;
		};
		86F1DF8A2A71FEC900ECEFB6 /* Release */ = {
			isa = XCBuildConfiguration;
			buildSettings = {
				ASSETCATALOG_COMPILER_APPICON_NAME = AppIcon;
				ASSETCATALOG_COMPILER_GLOBAL_ACCENT_COLOR_NAME = AccentColor;
				CODE_SIGN_ENTITLEMENTS = Xclick/Xclick.entitlements;
				CODE_SIGN_STYLE = Automatic;
				COMBINE_HIDPI_IMAGES = YES;
				CURRENT_PROJECT_VERSION = 1;
				DEVELOPMENT_ASSET_PATHS = "\"Xclick/Preview Content\"";
				ENABLE_PREVIEWS = YES;
				GENERATE_INFOPLIST_FILE = YES;
				INFOPLIST_KEY_LSApplicationCategoryType = "public.app-category.utilities";
				INFOPLIST_KEY_NSHumanReadableCopyright = "";
				LD_RUNPATH_SEARCH_PATHS = (
					"$(inherited)",
					"@executable_path/../Frameworks",
				);
				MACOSX_DEPLOYMENT_TARGET = 13.0;
				MARKETING_VERSION = 1.0;
				PRODUCT_BUNDLE_IDENTIFIER = com.moluuser.Xclick;
				PRODUCT_NAME = "$(TARGET_NAME)";
				SWIFT_EMIT_LOC_STRINGS = YES;
				SWIFT_VERSION = 5.0;
			};
			name = Release;
		};
/* End XCBuildConfiguration section */

/* Begin XCConfigurationList section */
		86F1DF742A71FEC800ECEFB6 /* Build configuration list for PBXProject "Xclick" */ = {
			isa = XCConfigurationList;
			buildConfigurations = (
				86F1DF862A71FEC900ECEFB6 /* Debug */,
				86F1DF872A71FEC900ECEFB6 /* Release */,
			);
			defaultConfigurationIsVisible = 0;
			defaultConfigurationName = Release;
		};
		86F1DF882A71FEC900ECEFB6 /* Build configuration list for PBXNativeTarget "Xclick" */ = {
			isa = XCConfigurationList;
			buildConfigurations = (
				86F1DF892A71FEC900ECEFB6 /* Debug */,
				86F1DF8A2A71FEC900ECEFB6 /* Release */,
			);
			defaultConfigurationIsVisible = 0;
			defaultConfigurationName = Release;
		};
/* End XCConfigurationList section */

/* Begin XCRemoteSwiftPackageReference section */
		86F1DF912A727EF900ECEFB6 /* XCRemoteSwiftPackageReference "HotKey" */ = {
			isa = XCRemoteSwiftPackageReference;
			repositoryURL = "https://github.com/soffes/HotKey";
			requirement = {
				branch = main;
				kind = branch;
			};
		};
/* End XCRemoteSwiftPackageReference section */

/* Begin XCSwiftPackageProductDependency section */
		86F1DF922A727EF900ECEFB6 /* HotKey */ = {
			isa = XCSwiftPackageProductDependency;
			package = 86F1DF912A727EF900ECEFB6 /* XCRemoteSwiftPackageReference "HotKey" */;
			productName = HotKey;
		};
/* End XCSwiftPackageProductDependency section */
	};
	rootObject = 86F1DF712A71FEC800ECEFB6 /* Project object */;
}
